
Microsoft Visual Studio Solution File, Format Version 12.00
# Visual Studio Version 17
VisualStudioVersion = 17.11.35222.181
MinimumVisualStudioVersion = 10.0.40219.1
Project("{FAE04EC0-301F-11D3-BF4B-00C04F79EFBC}") = "Job-portal-backend-net8", "Job-portal-backend-net8\Job-portal-backend-net8.csproj", "{B9BC3B05-7633-466E-A178-066945E3E3AB}"
EndProject
Global
	GlobalSection(SolutionConfigurationPlatforms) = preSolution
		Debug|Any CPU = Debug|Any CPU
		Release|Any CPU = Release|Any CPU
	EndGlobalSection
	GlobalSection(ProjectConfigurationPlatforms) = postSolution
		{B9BC3B05-7633-466E-A178-066945E3E3AB}.Debug|Any CPU.ActiveCfg = Debug|Any CPU
		{B9BC3B05-7633-466E-A178-066945E3E3AB}.Debug|Any CPU.Build.0 = Debug|Any CPU
		{B9BC3B05-7633-466E-A178-066945E3E3AB}.Release|Any CPU.ActiveCfg = Release|Any CPU
		{B9BC3B05-7633-466E-A178-066945E3E3AB}.Release|Any CPU.Build.0 = Release|Any CPU
	EndGlobalSection
	GlobalSection(SolutionProperties) = preSolution
		HideSolutionNode = FALSE
	EndGlobalSection
	GlobalSection(ExtensibilityGlobals) = postSolution
		SolutionGuid = {3895F22B-7BE9-45A7-BE03-F3A24F8C3A78}
	EndGlobalSection
EndGlobal
